
Microsoft Visual Studio Solution File, Format Version 12.00
# Visual Studio Version 16
VisualStudioVersion = 16.0.29806.167
MinimumVisualStudioVersion = 10.0.40219.1
Project("{FAE04EC0-301F-11D3-BF4B-00C04F79EFBC}") = "LinkedList", "LinkedList\LinkedList.csproj", "{9498EE29-8762-45C7-8200-4CE0EAE0BE34}"
EndProject
Global
	GlobalSection(SolutionConfigurationPlatforms) = preSolution
		Debug|Any CPU = Debug|Any CPU
		Release|Any CPU = Release|Any CPU
	EndGlobalSection
	GlobalSection(ProjectConfigurationPlatforms) = postSolution
		{9498EE29-8762-45C7-8200-4CE0EAE0BE34}.Debug|Any CPU.ActiveCfg = Debug|Any CPU
		{9498EE29-8762-45C7-8200-4CE0EAE0BE34}.Debug|Any CPU.Build.0 = Debug|Any CPU
		{9498EE29-8762-45C7-8200-4CE0EAE0BE34}.Release|Any CPU.ActiveCfg = Release|Any CPU
		{9498EE29-8762-45C7-8200-4CE0EAE0BE34}.Release|Any CPU.Build.0 = Release|Any CPU
	EndGlobalSection
	GlobalSection(SolutionProperties) = preSolution
		HideSolutionNode = FALSE
	EndGlobalSection
	GlobalSection(ExtensibilityGlobals) = postSolution
		SolutionGuid = {B0A71EC6-7C9A-4639-9D92-045DAD7BA577}
	EndGlobalSection
EndGlobal
